
Microsoft Visual Studio Solution File, Format Version 12.00
# Visual Studio 14
VisualStudioVersion = 14.0.23107.0
MinimumVisualStudioVersion = 10.0.40219.1
Project("{8BC9CEB8-8B4A-11D0-8D11-00A0C91BC942}") = "Server", "Server\Server.vcxproj", "{BC828309-730C-4E3C-9CC3-8740FD647AAD}"
EndProject
Project("{8BC9CEB8-8B4A-11D0-8D11-00A0C91BC942}") = "Client", "Client\Client.vcxproj", "{329CB84A-AC20-45C5-91D6-6A6738025B73}"
	ProjectSection(ProjectDependencies) = postProject
		{BC828309-730C-4E3C-9CC3-8740FD647AAD} = {BC828309-730C-4E3C-9CC3-8740FD647AAD}
	EndProjectSection
EndProject
Global
	GlobalSection(SolutionConfigurationPlatforms) = preSolution
		Debug|x64 = Debug|x64
		Debug|x86 = Debug|x86
		Release|x64 = Release|x64
		Release|x86 = Release|x86
	EndGlobalSection
	GlobalSection(ProjectConfigurationPlatforms) = postSolution
		{BC828309-730C-4E3C-9CC3-8740FD647AAD}.Debug|x64.ActiveCfg = Debug|x64
		{BC828309-730C-4E3C-9CC3-8740FD647AAD}.Debug|x64.Build.0 = Debug|x64
		{BC828309-730C-4E3C-9CC3-8740FD647AAD}.Debug|x86.ActiveCfg = Debug|Win32
		{BC828309-730C-4E3C-9CC3-8740FD647AAD}.Debug|x86.Build.0 = Debug|Win32
		{BC828309-730C-4E3C-9CC3-8740FD647AAD}.Release|x64.ActiveCfg = Release|x64
		{BC828309-730C-4E3C-9CC3-8740FD647AAD}.Release|x64.Build.0 = Release|x64
		{BC828309-730C-4E3C-9CC3-8740FD647AAD}.Release|x86.ActiveCfg = Release|Win32
		{BC828309-730C-4E3C-9CC3-8740FD647AAD}.Release|x86.Build.0 = Release|Win32
		{329CB84A-AC20-45C5-91D6-6A6738025B73}.Debug|x64.ActiveCfg = Debug|x64
		{329CB84A-AC20-45C5-91D6-6A6738025B73}.Debug|x64.Build.0 = Debug|x64
		{329CB84A-AC20-45C5-91D6-6A6738025B73}.Debug|x86.ActiveCfg = Debug|Win32
		{329CB84A-AC20-45C5-91D6-6A6738025B73}.Debug|x86.Build.0 = Debug|Win32
		{329CB84A-AC20-45C5-91D6-6A6738025B73}.Release|x64.ActiveCfg = Release|x64
		{329CB84A-AC20-45C5-91D6-6A6738025B73}.Release|x64.Build.0 = Release|x64
		{329CB84A-AC20-45C5-91D6-6A6738025B73}.Release|x86.ActiveCfg = Release|Win32
		{329CB84A-AC20-45C5-91D6-6A6738025B73}.Release|x86.Build.0 = Release|Win32
	EndGlobalSection
	GlobalSection(SolutionProperties) = preSolution
		HideSolutionNode = FALSE
	EndGlobalSection
EndGlobal
